
Microsoft Visual Studio Solution File, Format Version 12.00
# Visual Studio Version 16
VisualStudioVersion = 16.6.30114.105
MinimumVisualStudioVersion = 10.0.40219.1
Project("{2150E333-8FDC-42A3-9474-1A3956D46DE8}") = "src", "src", "{EE41A711-156E-4A96-A1F1-0F017B24BB67}"
EndProject
Project("{9A19103F-16F7-4668-BE54-9A1E7A4F7556}") = "Presentation", "src\Presentation\Presentation.csproj", "{D76A1322-D5EB-4199-AF17-908E70B4BBBF}"
EndProject
Project("{9A19103F-16F7-4668-BE54-9A1E7A4F7556}") = "ReCaptcha", "src\ReCaptcha\ReCaptcha.csproj", "{EF83385B-51AA-46D8-9E31-1DA0CF3F9203}"
EndProject
Global
	GlobalSection(SolutionConfigurationPlatforms) = preSolution
		Debug|Any CPU = Debug|Any CPU
		Debug|x64 = Debug|x64
		Debug|x86 = Debug|x86
		Release|Any CPU = Release|Any CPU
		Release|x64 = Release|x64
		Release|x86 = Release|x86
	EndGlobalSection
	GlobalSection(ProjectConfigurationPlatforms) = postSolution
		{D76A1322-D5EB-4199-AF17-908E70B4BBBF}.Debug|Any CPU.ActiveCfg = Debug|Any CPU
		{D76A1322-D5EB-4199-AF17-908E70B4BBBF}.Debug|Any CPU.Build.0 = Debug|Any CPU
		{D76A1322-D5EB-4199-AF17-908E70B4BBBF}.Debug|x64.ActiveCfg = Debug|Any CPU
		{D76A1322-D5EB-4199-AF17-908E70B4BBBF}.Debug|x64.Build.0 = Debug|Any CPU
		{D76A1322-D5EB-4199-AF17-908E70B4BBBF}.Debug|x86.ActiveCfg = Debug|Any CPU
		{D76A1322-D5EB-4199-AF17-908E70B4BBBF}.Debug|x86.Build.0 = Debug|Any CPU
		{D76A1322-D5EB-4199-AF17-908E70B4BBBF}.Release|Any CPU.ActiveCfg = Release|Any CPU
		{D76A1322-D5EB-4199-AF17-908E70B4BBBF}.Release|Any CPU.Build.0 = Release|Any CPU
		{D76A1322-D5EB-4199-AF17-908E70B4BBBF}.Release|x64.ActiveCfg = Release|Any CPU
		{D76A1322-D5EB-4199-AF17-908E70B4BBBF}.Release|x64.Build.0 = Release|Any CPU
		{D76A1322-D5EB-4199-AF17-908E70B4BBBF}.Release|x86.ActiveCfg = Release|Any CPU
		{D76A1322-D5EB-4199-AF17-908E70B4BBBF}.Release|x86.Build.0 = Release|Any CPU
		{EF83385B-51AA-46D8-9E31-1DA0CF3F9203}.Debug|Any CPU.ActiveCfg = Debug|Any CPU
		{EF83385B-51AA-46D8-9E31-1DA0CF3F9203}.Debug|Any CPU.Build.0 = Debug|Any CPU
		{EF83385B-51AA-46D8-9E31-1DA0CF3F9203}.Debug|x64.ActiveCfg = Debug|Any CPU
		{EF83385B-51AA-46D8-9E31-1DA0CF3F9203}.Debug|x64.Build.0 = Debug|Any CPU
		{EF83385B-51AA-46D8-9E31-1DA0CF3F9203}.Debug|x86.ActiveCfg = Debug|Any CPU
		{EF83385B-51AA-46D8-9E31-1DA0CF3F9203}.Debug|x86.Build.0 = Debug|Any CPU
		{EF83385B-51AA-46D8-9E31-1DA0CF3F9203}.Release|Any CPU.ActiveCfg = Release|Any CPU
		{EF83385B-51AA-46D8-9E31-1DA0CF3F9203}.Release|Any CPU.Build.0 = Release|Any CPU
		{EF83385B-51AA-46D8-9E31-1DA0CF3F9203}.Release|x64.ActiveCfg = Release|Any CPU
		{EF83385B-51AA-46D8-9E31-1DA0CF3F9203}.Release|x64.Build.0 = Release|Any CPU
		{EF83385B-51AA-46D8-9E31-1DA0CF3F9203}.Release|x86.ActiveCfg = Release|Any CPU
		{EF83385B-51AA-46D8-9E31-1DA0CF3F9203}.Release|x86.Build.0 = Release|Any CPU
	EndGlobalSection
	GlobalSection(SolutionProperties) = preSolution
		HideSolutionNode = FALSE
	EndGlobalSection
	GlobalSection(NestedProjects) = preSolution
		{D76A1322-D5EB-4199-AF17-908E70B4BBBF} = {EE41A711-156E-4A96-A1F1-0F017B24BB67}
		{EF83385B-51AA-46D8-9E31-1DA0CF3F9203} = {EE41A711-156E-4A96-A1F1-0F017B24BB67}
	EndGlobalSection
	GlobalSection(ExtensibilityGlobals) = postSolution
		SolutionGuid = {58D60610-F140-4E23-A9BC-DFB8E384DC8F}
	EndGlobalSection
EndGlobal
